// !$*UTF8*$!
{
	archiveVersion = 1;
	classes = {
	};
	objectVersion = 46;
	objects = {

/* Begin PBXBuildFile section */
		7D71B74A1D90D4760022D6E1 /* AppDelegate.swift in Sources */ = {isa = PBXBuildFile; fileRef = 7D71B7491D90D4760022D6E1 /* AppDelegate.swift */; };
		7D71B74C1D90D4760022D6E1 /* ViewController.swift in Sources */ = {isa = PBXBuildFile; fileRef = 7D71B74B1D90D4760022D6E1 /* ViewController.swift */; };
		7D71B74F1D90D4760022D6E1 /* Main.storyboard in Resources */ = {isa = PBXBuildFile; fileRef = 7D71B74D1D90D4760022D6E1 /* Main.storyboard */; };
		7D71B7511D90D4760022D6E1 /* Assets.xcassets in Resources */ = {isa = PBXBuildFile; fileRef = 7D71B7501D90D4760022D6E1 /* Assets.xcassets */; };
		7D71B7541D90D4760022D6E1 /* LaunchScreen.storyboard in Resources */ = {isa = PBXBuildFile; fileRef = 7D71B7521D90D4760022D6E1 /* LaunchScreen.storyboard */; };
		7D71B75F1D90D4770022D6E1 /* TipCalTests.swift in Sources */ = {isa = PBXBuildFile; fileRef = 7D71B75E1D90D4770022D6E1 /* TipCalTests.swift */; };
		7D71B76A1D90D4770022D6E1 /* TipCalUITests.swift in Sources */ = {isa = PBXBuildFile; fileRef = 7D71B7691D90D4770022D6E1 /* TipCalUITests.swift */; };
/* End PBXBuildFile section */

/* Begin PBXContainerItemProxy section */
		7D71B75B1D90D4770022D6E1 /* PBXContainerItemProxy */ = {
			isa = PBXContainerItemProxy;
			containerPortal = 7D71B73E1D90D4750022D6E1 /* Project object */;
			proxyType = 1;
			remoteGlobalIDString = 7D71B7451D90D4760022D6E1;
			remoteInfo = TipCal;
		};
		7D71B7661D90D4770022D6E1 /* PBXContainerItemProxy */ = {
			isa = PBXContainerItemProxy;
			containerPortal = 7D71B73E1D90D4750022D6E1 /* Project object */;
			proxyType = 1;
			remoteGlobalIDString = 7D71B7451D90D4760022D6E1;
			remoteInfo = TipCal;
		};
/* End PBXContainerItemProxy section */

/* Begin PBXFileReference section */
		7D71B7461D90D4760022D6E1 /* TipCal.app */ = {isa = PBXFileReference; explicitFileType = wrapper.application; includeInIndex = 0; path = TipCal.app; sourceTree = BUILT_PRODUCTS_DIR; };
		7D71B7491D90D4760022D6E1 /* AppDelegate.swift */ = {isa = PBXFileReference; lastKnownFileType = sourcecode.swift; path = AppDelegate.swift; sourceTree = "<group>"; };
		7D71B74B1D90D4760022D6E1 /* ViewController.swift */ = {isa = PBXFileReference; lastKnownFileType = sourcecode.swift; path = ViewController.swift; sourceTree = "<group>"; };
		7D71B74E1D90D4760022D6E1 /* Base */ = {isa = PBXFileReference; lastKnownFileType = file.storyboard; name = Base; path = Base.lproj/Main.storyboard; sourceTree = "<group>"; };
		7D71B7501D90D4760022D6E1 /* Assets.xcassets */ = {isa = PBXFileReference; lastKnownFileType = folder.assetcatalog; path = Assets.xcassets; sourceTree = "<group>"; };
		7D71B7531D90D4760022D6E1 /* Base */ = {isa = PBXFileReference; lastKnownFileType = file.storyboard; name = Base; path = Base.lproj/LaunchScreen.storyboard; sourceTree = "<group>"; };
		7D71B7551D90D4760022D6E1 /* Info.plist */ = {isa = PBXFileReference; lastKnownFileType = text.plist.xml; path = Info.plist; sourceTree = "<group>"; };
		7D71B75A1D90D4770022D6E1 /* TipCalTests.xctest */ = {isa = PBXFileReference; explicitFileType = wrapper.cfbundle; includeInIndex = 0; path = TipCalTests.xctest; sourceTree = BUILT_PRODUCTS_DIR; };
		7D71B75E1D90D4770022D6E1 /* TipCalTests.swift */ = {isa = PBXFileReference; lastKnownFileType = sourcecode.swift; path = TipCalTests.swift; sourceTree = "<group>"; };
		7D71B7601D90D4770022D6E1 /* Info.plist */ = {isa = PBXFileReference; lastKnownFileType = text.plist.xml; path = Info.plist; sourceTree = "<group>"; };
		7D71B7651D90D4770022D6E1 /* TipCalUITests.xctest */ = {isa = PBXFileReference; explicitFileType = wrapper.cfbundle; includeInIndex = 0; path = TipCalUITests.xctest; sourceTree = BUILT_PRODUCTS_DIR; };
		7D71B7691D90D4770022D6E1 /* TipCalUITests.swift */ = {isa = PBXFileReference; lastKnownFileType = sourcecode.swift; path = TipCalUITests.swift; sourceTree = "<group>"; };
		7D71B76B1D90D4770022D6E1 /* Info.plist */ = {isa = PBXFileReference; lastKnownFileType = text.plist.xml; path = Info.plist; sourceTree = "<group>"; };
/* End PBXFileReference section */

/* Begin PBXFrameworksBuildPhase section */
		7D71B7431D90D4760022D6E1 /* Frameworks */ = {
			isa = PBXFrameworksBuildPhase;
			buildActionMask = 2147483647;
			files = (
			);
			runOnlyForDeploymentPostprocessing = 0;
		};
		7D71B7571D90D4770022D6E1 /* Frameworks */ = {
			isa = PBXFrameworksBuildPhase;
			buildActionMask = 2147483647;
			files = (
			);
			runOnlyForDeploymentPostprocessing = 0;
		};
		7D71B7621D90D4770022D6E1 /* Frameworks */ = {
			isa = PBXFrameworksBuildPhase;
			buildActionMask = 2147483647;
			files = (
			);
			runOnlyForDeploymentPostprocessing = 0;
		};
/* End PBXFrameworksBuildPhase section */

/* Begin PBXGroup section */
		7D71B73D1D90D4750022D6E1 = {
			isa = PBXGroup;
			children = (
				7D71B7481D90D4760022D6E1 /* TipCal */,
				7D71B75D1D90D4770022D6E1 /* TipCalTests */,
				7D71B7681D90D4770022D6E1 /* TipCalUITests */,
				7D71B7471D90D4760022D6E1 /* Products */,
			);
			sourceTree = "<group>";
		};
		7D71B7471D90D4760022D6E1 /* Products */ = {
			isa = PBXGroup;
			children = (
				7D71B7461D90D4760022D6E1 /* TipCal.app */,
				7D71B75A1D90D4770022D6E1 /* TipCalTests.xctest */,
				7D71B7651D90D4770022D6E1 /* TipCalUITests.xctest */,
			);
			name = Products;
			sourceTree = "<group>";
		};
		7D71B7481D90D4760022D6E1 /* TipCal */ = {
			isa = PBXGroup;
			children = (
				7D71B7491D90D4760022D6E1 /* AppDelegate.swift */,
				7D71B74B1D90D4760022D6E1 /* ViewController.swift */,
				7D71B74D1D90D4760022D6E1 /* Main.storyboard */,
				7D71B7501D90D4760022D6E1 /* Assets.xcassets */,
				7D71B7521D90D4760022D6E1 /* LaunchScreen.storyboard */,
				7D71B7551D90D4760022D6E1 /* Info.plist */,
			);
			path = TipCal;
			sourceTree = "<group>";
		};
		7D71B75D1D90D4770022D6E1 /* TipCalTests */ = {
			isa = PBXGroup;
			children = (
				7D71B75E1D90D4770022D6E1 /* TipCalTests.swift */,
				7D71B7601D90D4770022D6E1 /* Info.plist */,
			);
			path = TipCalTests;
			sourceTree = "<group>";
		};
		7D71B7681D90D4770022D6E1 /* TipCalUITests */ = {
			isa = PBXGroup;
			children = (
				7D71B7691D90D4770022D6E1 /* TipCalUITests.swift */,
				7D71B76B1D90D4770022D6E1 /* Info.plist */,
			);
			path = TipCalUITests;
			sourceTree = "<group>";
		};
/* End PBXGroup section */

/* Begin PBXNativeTarget section */
		7D71B7451D90D4760022D6E1 /* TipCal */ = {
			isa = PBXNativeTarget;
			buildConfigurationList = 7D71B76E1D90D4770022D6E1 /* Build configuration list for PBXNativeTarget "TipCal" */;
			buildPhases = (
				7D71B7421D90D4760022D6E1 /* Sources */,
				7D71B7431D90D4760022D6E1 /* Frameworks */,
				7D71B7441D90D4760022D6E1 /* Resources */,
			);
			buildRules = (
			);
			dependencies = (
			);
			name = TipCal;
			productName = TipCal;
			productReference = 7D71B7461D90D4760022D6E1 /* TipCal.app */;
			productType = "com.apple.product-type.application";
		};
		7D71B7591D90D4770022D6E1 /* TipCalTests */ = {
			isa = PBXNativeTarget;
			buildConfigurationList = 7D71B7711D90D4770022D6E1 /* Build configuration list for PBXNativeTarget "TipCalTests" */;
			buildPhases = (
				7D71B7561D90D4770022D6E1 /* Sources */,
				7D71B7571D90D4770022D6E1 /* Frameworks */,
				7D71B7581D90D4770022D6E1 /* Resources */,
			);
			buildRules = (
			);
			dependencies = (
				7D71B75C1D90D4770022D6E1 /* PBXTargetDependency */,
			);
			name = TipCalTests;
			productName = TipCalTests;
			productReference = 7D71B75A1D90D4770022D6E1 /* TipCalTests.xctest */;
			productType = "com.apple.product-type.bundle.unit-test";
		};
		7D71B7641D90D4770022D6E1 /* TipCalUITests */ = {
			isa = PBXNativeTarget;
			buildConfigurationList = 7D71B7741D90D4770022D6E1 /* Build configuration list for PBXNativeTarget "TipCalUITests" */;
			buildPhases = (
				7D71B7611D90D4770022D6E1 /* Sources */,
				7D71B7621D90D4770022D6E1 /* Frameworks */,
				7D71B7631D90D4770022D6E1 /* Resources */,
			);
			buildRules = (
			);
			dependencies = (
				7D71B7671D90D4770022D6E1 /* PBXTargetDependency */,
			);
			name = TipCalUITests;
			productName = TipCalUITests;
			productReference = 7D71B7651D90D4770022D6E1 /* TipCalUITests.xctest */;
			productType = "com.apple.product-type.bundle.ui-testing";
		};
/* End PBXNativeTarget section */

/* Begin PBXProject section */
		7D71B73E1D90D4750022D6E1 /* Project object */ = {
			isa = PBXProject;
			attributes = {
				LastSwiftUpdateCheck = 0800;
				LastUpgradeCheck = 0800;
				ORGANIZATIONNAME = "SHEN, MENGNAN";
				TargetAttributes = {
					7D71B7451D90D4760022D6E1 = {
						CreatedOnToolsVersion = 8.0;
						ProvisioningStyle = Automatic;
					};
					7D71B7591D90D4770022D6E1 = {
						CreatedOnToolsVersion = 8.0;
						ProvisioningStyle = Automatic;
						TestTargetID = 7D71B7451D90D4760022D6E1;
					};
					7D71B7641D90D4770022D6E1 = {
						CreatedOnToolsVersion = 8.0;
						ProvisioningStyle = Automatic;
						TestTargetID = 7D71B7451D90D4760022D6E1;
					};
				};
			};
			buildConfigurationList = 7D71B7411D90D4750022D6E1 /* Build configuration list for PBXProject "TipCal" */;
			compatibilityVersion = "Xcode 3.2";
			developmentRegion = English;
			hasScannedForEncodings = 0;
			knownRegions = (
				en,
				Base,
			);
			mainGroup = 7D71B73D1D90D4750022D6E1;
			productRefGroup = 7D71B7471D90D4760022D6E1 /* Products */;
			projectDirPath = "";
			projectRoot = "";
			targets = (
				7D71B7451D90D4760022D6E1 /* TipCal */,
				7D71B7591D90D4770022D6E1 /* TipCalTests */,
				7D71B7641D90D4770022D6E1 /* TipCalUITests */,
			);
		};
/* End PBXProject section */

/* Begin PBXResourcesBuildPhase section */
		7D71B7441D90D4760022D6E1 /* Resources */ = {
			isa = PBXResourcesBuildPhase;
			buildActionMask = 2147483647;
			files = (
				7D71B7541D90D4760022D6E1 /* LaunchScreen.storyboard in Resources */,
				7D71B7511D90D4760022D6E1 /* Assets.xcassets in Resources */,
				7D71B74F1D90D4760022D6E1 /* Main.storyboard in Resources */,
			);
			runOnlyForDeploymentPostprocessing = 0;
		};
		7D71B7581D90D4770022D6E1 /* Resources */ = {
			isa = PBXResourcesBuildPhase;
			buildActionMask = 2147483647;
			files = (
			);
			runOnlyForDeploymentPostprocessing = 0;
		};
		7D71B7631D90D4770022D6E1 /* Resources */ = {
			isa = PBXResourcesBuildPhase;
			buildActionMask = 2147483647;
			files = (
			);
			runOnlyForDeploymentPostprocessing = 0;
		};
/* End PBXResourcesBuildPhase section */

/* Begin PBXSourcesBuildPhase section */
		7D71B7421D90D4760022D6E1 /* Sources */ = {
			isa = PBXSourcesBuildPhase;
			buildActionMask = 2147483647;
			files = (
				7D71B74C1D90D4760022D6E1 /* ViewController.swift in Sources */,
				7D71B74A1D90D4760022D6E1 /* AppDelegate.swift in Sources */,
			);
			runOnlyForDeploymentPostprocessing = 0;
		};
		7D71B7561D90D4770022D6E1 /* Sources */ = {
			isa = PBXSourcesBuildPhase;
			buildActionMask = 2147483647;
			files = (
				7D71B75F1D90D4770022D6E1 /* TipCalTests.swift in Sources */,
			);
			runOnlyForDeploymentPostprocessing = 0;
		};
		7D71B7611D90D4770022D6E1 /* Sources */ = {
			isa = PBXSourcesBuildPhase;
			buildActionMask = 2147483647;
			files = (
				7D71B76A1D90D4770022D6E1 /* TipCalUITests.swift in Sources */,
			);
			runOnlyForDeploymentPostprocessing = 0;
		};
/* End PBXSourcesBuildPhase section */

/* Begin PBXTargetDependency section */
		7D71B75C1D90D4770022D6E1 /* PBXTargetDependency */ = {
			isa = PBXTargetDependency;
			target = 7D71B7451D90D4760022D6E1 /* TipCal */;
			targetProxy = 7D71B75B1D90D4770022D6E1 /* PBXContainerItemProxy */;
		};
		7D71B7671D90D4770022D6E1 /* PBXTargetDependency */ = {
			isa = PBXTargetDependency;
			target = 7D71B7451D90D4760022D6E1 /* TipCal */;
			targetProxy = 7D71B7661D90D4770022D6E1 /* PBXContainerItemProxy */;
		};
/* End PBXTargetDependency section */

/* Begin PBXVariantGroup section */
		7D71B74D1D90D4760022D6E1 /* Main.storyboard */ = {
			isa = PBXVariantGroup;
			children = (
				7D71B74E1D90D4760022D6E1 /* Base */,
			);
			name = Main.storyboard;
			sourceTree = "<group>";
		};
		7D71B7521D90D4760022D6E1 /* LaunchScreen.storyboard */ = {
			isa = PBXVariantGroup;
			children = (
				7D71B7531D90D4760022D6E1 /* Base */,
			);
			name = LaunchScreen.storyboard;
			sourceTree = "<group>";
		};
/* End PBXVariantGroup section */

/* Begin XCBuildConfiguration section */
		7D71B76C1D90D4770022D6E1 /* Debug */ = {
			isa = XCBuildConfiguration;
			buildSettings = {
				ALWAYS_SEARCH_USER_PATHS = NO;
				CLANG_ANALYZER_NONNULL = YES;
				CLANG_CXX_LANGUAGE_STANDARD = "gnu++0x";
				CLANG_CXX_LIBRARY = "libc++";
				CLANG_ENABLE_MODULES = YES;
				CLANG_ENABLE_OBJC_ARC = YES;
				CLANG_WARN_BOOL_CONVERSION = YES;
				CLANG_WARN_CONSTANT_CONVERSION = YES;
				CLANG_WARN_DIRECT_OBJC_ISA_USAGE = YES_ERROR;
				CLANG_WARN_DOCUMENTATION_COMMENTS = YES;
				CLANG_WARN_EMPTY_BODY = YES;
				CLANG_WARN_ENUM_CONVERSION = YES;
				CLANG_WARN_INFINITE_RECURSION = YES;
				CLANG_WARN_INT_CONVERSION = YES;
				CLANG_WARN_OBJC_ROOT_CLASS = YES_ERROR;
				CLANG_WARN_SUSPICIOUS_MOVES = YES;
				CLANG_WARN_UNREACHABLE_CODE = YES;
				CLANG_WARN__DUPLICATE_METHOD_MATCH = YES;
				"CODE_SIGN_IDENTITY[sdk=iphoneos*]" = "iPhone Developer";
				COPY_PHASE_STRIP = NO;
				DEBUG_INFORMATION_FORMAT = dwarf;
				ENABLE_STRICT_OBJC_MSGSEND = YES;
				ENABLE_TESTABILITY = YES;
				GCC_C_LANGUAGE_STANDARD = gnu99;
				GCC_DYNAMIC_NO_PIC = NO;
				GCC_NO_COMMON_BLOCKS = YES;
				GCC_OPTIMIZATION_LEVEL = 0;
				GCC_PREPROCESSOR_DEFINITIONS = (
					"DEBUG=1",
					"$(inherited)",
				);
				GCC_WARN_64_TO_32_BIT_CONVERSION = YES;
				GCC_WARN_ABOUT_RETURN_TYPE = YES_ERROR;
				GCC_WARN_UNDECLARED_SELECTOR = YES;
				GCC_WARN_UNINITIALIZED_AUTOS = YES_AGGRESSIVE;
				GCC_WARN_UNUSED_FUNCTION = YES;
				GCC_WARN_UNUSED_VARIABLE = YES;
				IPHONEOS_DEPLOYMENT_TARGET = 10.0;
				MTL_ENABLE_DEBUG_INFO = YES;
				ONLY_ACTIVE_ARCH = YES;
				SDKROOT = iphoneos;
				SWIFT_ACTIVE_COMPILATION_CONDITIONS = DEBUG;
				SWIFT_OPTIMIZATION_LEVEL = "-Onone";
			};
			name = Debug;
		};
		7D71B76D1D90D4770022D6E1 /* Release */ = {
			isa = XCBuildConfiguration;
			buildSettings = {
				ALWAYS_SEARCH_USER_PATHS = NO;
				CLANG_ANALYZER_NONNULL = YES;
				CLANG_CXX_LANGUAGE_STANDARD = "gnu++0x";
				CLANG_CXX_LIBRARY = "libc++";
				CLANG_ENABLE_MODULES = YES;
				CLANG_ENABLE_OBJC_ARC = YES;
				CLANG_WARN_BOOL_CONVERSION = YES;
				CLANG_WARN_CONSTANT_CONVERSION = YES;
				CLANG_WARN_DIRECT_OBJC_ISA_USAGE = YES_ERROR;
				CLANG_WARN_DOCUMENTATION_COMMENTS = YES;
				CLANG_WARN_EMPTY_BODY = YES;
				CLANG_WARN_ENUM_CONVERSION = YES;
				CLANG_WARN_INFINITE_RECURSION = YES;
				CLANG_WARN_INT_CONVERSION = YES;
				CLANG_WARN_OBJC_ROOT_CLASS = YES_ERROR;
				CLANG_WARN_SUSPICIOUS_MOVES = YES;
				CLANG_WARN_UNREACHABLE_CODE = YES;
				CLANG_WARN__DUPLICATE_METHOD_MATCH = YES;
				"CODE_SIGN_IDENTITY[sdk=iphoneos*]" = "iPhone Developer";
				COPY_PHASE_STRIP = NO;
				DEBUG_INFORMATION_FORMAT = "dwarf-with-dsym";
				ENABLE_NS_ASSERTIONS = NO;
				ENABLE_STRICT_OBJC_MSGSEND = YES;
				GCC_C_LANGUAGE_STANDARD = gnu99;
				GCC_NO_COMMON_BLOCKS = YES;
				GCC_WARN_64_TO_32_BIT_CONVERSION = YES;
				GCC_WARN_ABOUT_RETURN_TYPE = YES_ERROR;
				GCC_WARN_UNDECLARED_SELECTOR = YES;
				GCC_WARN_UNINITIALIZED_AUTOS = YES_AGGRESSIVE;
				GCC_WARN_UNUSED_FUNCTION = YES;
				GCC_WARN_UNUSED_VARIABLE = YES;
				IPHONEOS_DEPLOYMENT_TARGET = 10.0;
				MTL_ENABLE_DEBUG_INFO = NO;
				SDKROOT = iphoneos;
				SWIFT_OPTIMIZATION_LEVEL = "-Owholemodule";
				VALIDATE_PRODUCT = YES;
			};
			name = Release;
		};
		7D71B76F1D90D4770022D6E1 /* Debug */ = {
			isa = XCBuildConfiguration;
			buildSettings = {
				ASSETCATALOG_COMPILER_APPICON_NAME = AppIcon;
				INFOPLIST_FILE = TipCal/Info.plist;
				LD_RUNPATH_SEARCH_PATHS = "$(inherited) @executable_path/Frameworks";
				PRODUCT_BUNDLE_IDENTIFIER = com.capitalone.TipCal;
				PRODUCT_NAME = "$(TARGET_NAME)";
				SWIFT_VERSION = 3.0;
			};
			name = Debug;
		};
		7D71B7701D90D4770022D6E1 /* Release */ = {
			isa = XCBuildConfiguration;
			buildSettings = {
				ASSETCATALOG_COMPILER_APPICON_NAME = AppIcon;
				INFOPLIST_FILE = TipCal/Info.plist;
				LD_RUNPATH_SEARCH_PATHS = "$(inherited) @executable_path/Frameworks";
				PRODUCT_BUNDLE_IDENTIFIER = com.capitalone.TipCal;
				PRODUCT_NAME = "$(TARGET_NAME)";
				SWIFT_VERSION = 3.0;
			};
			name = Release;
		};
		7D71B7721D90D4770022D6E1 /* Debug */ = {
			isa = XCBuildConfiguration;
			buildSettings = {
				ALWAYS_EMBED_SWIFT_STANDARD_LIBRARIES = YES;
				BUNDLE_LOADER = "$(TEST_HOST)";
				INFOPLIST_FILE = TipCalTests/Info.plist;
				LD_RUNPATH_SEARCH_PATHS = "$(inherited) @executable_path/Frameworks @loader_path/Frameworks";
				PRODUCT_BUNDLE_IDENTIFIER = com.capitalone.TipCalTests;
				PRODUCT_NAME = "$(TARGET_NAME)";
				SWIFT_VERSION = 3.0;
				TEST_HOST = "$(BUILT_PRODUCTS_DIR)/TipCal.app/TipCal";
			};
			name = Debug;
		};
		7D71B7731D90D4770022D6E1 /* Release */ = {
			isa = XCBuildConfiguration;
			buildSettings = {
				ALWAYS_EMBED_SWIFT_STANDARD_LIBRARIES = YES;
				BUNDLE_LOADER = "$(TEST_HOST)";
				INFOPLIST_FILE = TipCalTests/Info.plist;
				LD_RUNPATH_SEARCH_PATHS = "$(inherited) @executable_path/Frameworks @loader_path/Frameworks";
				PRODUCT_BUNDLE_IDENTIFIER = com.capitalone.TipCalTests;
				PRODUCT_NAME = "$(TARGET_NAME)";
				SWIFT_VERSION = 3.0;
				TEST_HOST = "$(BUILT_PRODUCTS_DIR)/TipCal.app/TipCal";
			};
			name = Release;
		};
		7D71B7751D90D4770022D6E1 /* Debug */ = {
			isa = XCBuildConfiguration;
			buildSettings = {
				ALWAYS_EMBED_SWIFT_STANDARD_LIBRARIES = YES;
				INFOPLIST_FILE = TipCalUITests/Info.plist;
				LD_RUNPATH_SEARCH_PATHS = "$(inherited) @executable_path/Frameworks @loader_path/Frameworks";
				PRODUCT_BUNDLE_IDENTIFIER = com.capitalone.TipCalUITests;
				PRODUCT_NAME = "$(TARGET_NAME)";
				SWIFT_VERSION = 3.0;
				TEST_TARGET_NAME = TipCal;
			};
			name = Debug;
		};
		7D71B7761D90D4770022D6E1 /* Release */ = {
			isa = XCBuildConfiguration;
			buildSettings = {
				ALWAYS_EMBED_SWIFT_STANDARD_LIBRARIES = YES;
				INFOPLIST_FILE = TipCalUITests/Info.plist;
				LD_RUNPATH_SEARCH_PATHS = "$(inherited) @executable_path/Frameworks @loader_path/Frameworks";
				PRODUCT_BUNDLE_IDENTIFIER = com.capitalone.TipCalUITests;
				PRODUCT_NAME = "$(TARGET_NAME)";
				SWIFT_VERSION = 3.0;
				TEST_TARGET_NAME = TipCal;
			};
			name = Release;
		};
/* End XCBuildConfiguration section */

/* Begin XCConfigurationList section */
		7D71B7411D90D4750022D6E1 /* Build configuration list for PBXProject "TipCal" */ = {
			isa = XCConfigurationList;
			buildConfigurations = (
				7D71B76C1D90D4770022D6E1 /* Debug */,
				7D71B76D1D90D4770022D6E1 /* Release */,
			);
			defaultConfigurationIsVisible = 0;
			defaultConfigurationName = Release;
		};
		7D71B76E1D90D4770022D6E1 /* Build configuration list for PBXNativeTarget "TipCal" */ = {
			isa = XCConfigurationList;
			buildConfigurations = (
				7D71B76F1D90D4770022D6E1 /* Debug */,
				7D71B7701D90D4770022D6E1 /* Release */,
			);
			defaultConfigurationIsVisible = 0;
		};
		7D71B7711D90D4770022D6E1 /* Build configuration list for PBXNativeTarget "TipCalTests" */ = {
			isa = XCConfigurationList;
			buildConfigurations = (
				7D71B7721D90D4770022D6E1 /* Debug */,
				7D71B7731D90D4770022D6E1 /* Release */,
			);
			defaultConfigurationIsVisible = 0;
		};
		7D71B7741D90D4770022D6E1 /* Build configuration list for PBXNativeTarget "TipCalUITests" */ = {
			isa = XCConfigurationList;
			buildConfigurations = (
				7D71B7751D90D4770022D6E1 /* Debug */,
				7D71B7761D90D4770022D6E1 /* Release */,
			);
			defaultConfigurationIsVisible = 0;
		};
/* End XCConfigurationList section */
	};
	rootObject = 7D71B73E1D90D4750022D6E1 /* Project object */;
}
